// !$*UTF8*$!
{
	archiveVersion = 1;
	classes = {
	};
	objectVersion = 46;
	objects = {

/* Begin PBXBuildFile section */
		88FD78001F5B8C7A00B49214 /* AppDelegate.swift in Sources */ = {isa = PBXBuildFile; fileRef = 88FD77FF1F5B8C7A00B49214 /* AppDelegate.swift */; };
		88FD78021F5B8C7A00B49214 /* ViewController.swift in Sources */ = {isa = PBXBuildFile; fileRef = 88FD78011F5B8C7A00B49214 /* ViewController.swift */; };
		88FD78051F5B8C7A00B49214 /* Main.storyboard in Resources */ = {isa = PBXBuildFile; fileRef = 88FD78031F5B8C7A00B49214 /* Main.storyboard */; };
		88FD78071F5B8C7A00B49214 /* Assets.xcassets in Resources */ = {isa = PBXBuildFile; fileRef = 88FD78061F5B8C7A00B49214 /* Assets.xcassets */; };
		88FD780A1F5B8C7A00B49214 /* LaunchScreen.storyboard in Resources */ = {isa = PBXBuildFile; fileRef = 88FD78081F5B8C7A00B49214 /* LaunchScreen.storyboard */; };
/* End PBXBuildFile section */

/* Begin PBXFileReference section */
		88FD77FC1F5B8C7A00B49214 /* slideshowApp.app */ = {isa = PBXFileReference; explicitFileType = wrapper.application; includeInIndex = 0; path = slideshowApp.app; sourceTree = BUILT_PRODUCTS_DIR; };
		88FD77FF1F5B8C7A00B49214 /* AppDelegate.swift */ = {isa = PBXFileReference; lastKnownFileType = sourcecode.swift; path = AppDelegate.swift; sourceTree = "<group>"; };
		88FD78011F5B8C7A00B49214 /* ViewController.swift */ = {isa = PBXFileReference; lastKnownFileType = sourcecode.swift; path = ViewController.swift; sourceTree = "<group>"; };
		88FD78041F5B8C7A00B49214 /* Base */ = {isa = PBXFileReference; lastKnownFileType = file.storyboard; name = Base; path = Base.lproj/Main.storyboard; sourceTree = "<group>"; };
		88FD78061F5B8C7A00B49214 /* Assets.xcassets */ = {isa = PBXFileReference; lastKnownFileType = folder.assetcatalog; path = Assets.xcassets; sourceTree = "<group>"; };
		88FD78091F5B8C7A00B49214 /* Base */ = {isa = PBXFileReference; lastKnownFileType = file.storyboard; name = Base; path = Base.lproj/LaunchScreen.storyboard; sourceTree = "<group>"; };
		88FD780B1F5B8C7A00B49214 /* Info.plist */ = {isa = PBXFileReference; lastKnownFileType = text.plist.xml; path = Info.plist; sourceTree = "<group>"; };
/* End PBXFileReference section */

/* Begin PBXFrameworksBuildPhase section */
		88FD77F91F5B8C7A00B49214 /* Frameworks */ = {
			isa = PBXFrameworksBuildPhase;
			buildActionMask = 2147483647;
			files = (
			);
			runOnlyForDeploymentPostprocessing = 0;
		};
/* End PBXFrameworksBuildPhase section */

/* Begin PBXGroup section */
		88FD77F31F5B8C7A00B49214 = {
			isa = PBXGroup;
			children = (
				88FD77FE1F5B8C7A00B49214 /* slideshowApp */,
				88FD77FD1F5B8C7A00B49214 /* Products */,
			);
			sourceTree = "<group>";
		};
		88FD77FD1F5B8C7A00B49214 /* Products */ = {
			isa = PBXGroup;
			children = (
				88FD77FC1F5B8C7A00B49214 /* slideshowApp.app */,
			);
			name = Products;
			sourceTree = "<group>";
		};
		88FD77FE1F5B8C7A00B49214 /* slideshowApp */ = {
			isa = PBXGroup;
			children = (
				88FD77FF1F5B8C7A00B49214 /* AppDelegate.swift */,
				88FD78011F5B8C7A00B49214 /* ViewController.swift */,
				88FD78031F5B8C7A00B49214 /* Main.storyboard */,
				88FD78061F5B8C7A00B49214 /* Assets.xcassets */,
				88FD78081F5B8C7A00B49214 /* LaunchScreen.storyboard */,
				88FD780B1F5B8C7A00B49214 /* Info.plist */,
			);
			path = slideshowApp;
			sourceTree = "<group>";
		};
/* End PBXGroup section */

/* Begin PBXNativeTarget section */
		88FD77FB1F5B8C7A00B49214 /* slideshowApp */ = {
			isa = PBXNativeTarget;
			buildConfigurationList = 88FD780E1F5B8C7A00B49214 /* Build configuration list for PBXNativeTarget "slideshowApp" */;
			buildPhases = (
				88FD77F81F5B8C7A00B49214 /* Sources */,
				88FD77F91F5B8C7A00B49214 /* Frameworks */,
				88FD77FA1F5B8C7A00B49214 /* Resources */,
			);
			buildRules = (
			);
			dependencies = (
			);
			name = slideshowApp;
			productName = slideshowApp;
			productReference = 88FD77FC1F5B8C7A00B49214 /* slideshowApp.app */;
			productType = "com.apple.product-type.application";
		};
/* End PBXNativeTarget section */

/* Begin PBXProject section */
		88FD77F41F5B8C7A00B49214 /* Project object */ = {
			isa = PBXProject;
			attributes = {
				LastSwiftUpdateCheck = 0830;
				LastUpgradeCheck = 0830;
				ORGANIZATIONNAME = masahiro.odakura;
				TargetAttributes = {
					88FD77FB1F5B8C7A00B49214 = {
						CreatedOnToolsVersion = 8.3.3;
						ProvisioningStyle = Automatic;
					};
				};
			};
			buildConfigurationList = 88FD77F71F5B8C7A00B49214 /* Build configuration list for PBXProject "slideshowApp" */;
			compatibilityVersion = "Xcode 3.2";
			developmentRegion = English;
			hasScannedForEncodings = 0;
			knownRegions = (
				en,
				Base,
			);
			mainGroup = 88FD77F31F5B8C7A00B49214;
			productRefGroup = 88FD77FD1F5B8C7A00B49214 /* Products */;
			projectDirPath = "";
			projectRoot = "";
			targets = (
				88FD77FB1F5B8C7A00B49214 /* slideshowApp */,
			);
		};
/* End PBXProject section */

/* Begin PBXResourcesBuildPhase section */
		88FD77FA1F5B8C7A00B49214 /* Resources */ = {
			isa = PBXResourcesBuildPhase;
			buildActionMask = 2147483647;
			files = (
				88FD780A1F5B8C7A00B49214 /* LaunchScreen.storyboard in Resources */,
				88FD78071F5B8C7A00B49214 /* Assets.xcassets in Resources */,
				88FD78051F5B8C7A00B49214 /* Main.storyboard in Resources */,
			);
			runOnlyForDeploymentPostprocessing = 0;
		};
/* End PBXResourcesBuildPhase section */

/* Begin PBXSourcesBuildPhase section */
		88FD77F81F5B8C7A00B49214 /* Sources */ = {
			isa = PBXSourcesBuildPhase;
			buildActionMask = 2147483647;
			files = (
				88FD78021F5B8C7A00B49214 /* ViewController.swift in Sources */,
				88FD78001F5B8C7A00B49214 /* AppDelegate.swift in Sources */,
			);
			runOnlyForDeploymentPostprocessing = 0;
		};
/* End PBXSourcesBuildPhase section */

/* Begin PBXVariantGroup section */
		88FD78031F5B8C7A00B49214 /* Main.storyboard */ = {
			isa = PBXVariantGroup;
			children = (
				88FD78041F5B8C7A00B49214 /* Base */,
			);
			name = Main.storyboard;
			sourceTree = "<group>";
		};
		88FD78081F5B8C7A00B49214 /* LaunchScreen.storyboard */ = {
			isa = PBXVariantGroup;
			children = (
				88FD78091F5B8C7A00B49214 /* Base */,
			);
			name = LaunchScreen.storyboard;
			sourceTree = "<group>";
		};
/* End PBXVariantGroup section */

/* Begin XCBuildConfiguration section */
		88FD780C1F5B8C7A00B49214 /* Debug */ = {
			isa = XCBuildConfiguration;
			buildSettings = {
				ALWAYS_SEARCH_USER_PATHS = NO;
				CLANG_ANALYZER_NONNULL = YES;
				CLANG_ANALYZER_NUMBER_OBJECT_CONVERSION = YES_AGGRESSIVE;
				CLANG_CXX_LANGUAGE_STANDARD = "gnu++0x";
				CLANG_CXX_LIBRARY = "libc++";
				CLANG_ENABLE_MODULES = YES;
				CLANG_ENABLE_OBJC_ARC = YES;
				CLANG_WARN_BOOL_CONVERSION = YES;
				CLANG_WARN_CONSTANT_CONVERSION = YES;
				CLANG_WARN_DIRECT_OBJC_ISA_USAGE = YES_ERROR;
				CLANG_WARN_DOCUMENTATION_COMMENTS = YES;
				CLANG_WARN_EMPTY_BODY = YES;
				CLANG_WARN_ENUM_CONVERSION = YES;
				CLANG_WARN_INFINITE_RECURSION = YES;
				CLANG_WARN_INT_CONVERSION = YES;
				CLANG_WARN_OBJC_ROOT_CLASS = YES_ERROR;
				CLANG_WARN_SUSPICIOUS_MOVE = YES;
				CLANG_WARN_UNREACHABLE_CODE = YES;
				CLANG_WARN__DUPLICATE_METHOD_MATCH = YES;
				"CODE_SIGN_IDENTITY[sdk=iphoneos*]" = "iPhone Developer";
				COPY_PHASE_STRIP = NO;
				DEBUG_INFORMATION_FORMAT = dwarf;
				ENABLE_STRICT_OBJC_MSGSEND = YES;
				ENABLE_TESTABILITY = YES;
				GCC_C_LANGUAGE_STANDARD = gnu99;
				GCC_DYNAMIC_NO_PIC = NO;
				GCC_NO_COMMON_BLOCKS = YES;
				GCC_OPTIMIZATION_LEVEL = 0;
				GCC_PREPROCESSOR_DEFINITIONS = (
					"DEBUG=1",
					"$(inherited)",
				);
				GCC_WARN_64_TO_32_BIT_CONVERSION = YES;
				GCC_WARN_ABOUT_RETURN_TYPE = YES_ERROR;
				GCC_WARN_UNDECLARED_SELECTOR = YES;
				GCC_WARN_UNINITIALIZED_AUTOS = YES_AGGRESSIVE;
				GCC_WARN_UNUSED_FUNCTION = YES;
				GCC_WARN_UNUSED_VARIABLE = YES;
				IPHONEOS_DEPLOYMENT_TARGET = 10.3;
				MTL_ENABLE_DEBUG_INFO = YES;
				ONLY_ACTIVE_ARCH = YES;
				SDKROOT = iphoneos;
				SWIFT_ACTIVE_COMPILATION_CONDITIONS = DEBUG;
				SWIFT_OPTIMIZATION_LEVEL = "-Onone";
			};
			name = Debug;
		};
		88FD780D1F5B8C7A00B49214 /* Release */ = {
			isa = XCBuildConfiguration;
			buildSettings = {
				ALWAYS_SEARCH_USER_PATHS = NO;
				CLANG_ANALYZER_NONNULL = YES;
				CLANG_ANALYZER_NUMBER_OBJECT_CONVERSION = YES_AGGRESSIVE;
				CLANG_CXX_LANGUAGE_STANDARD = "gnu++0x";
				CLANG_CXX_LIBRARY = "libc++";
				CLANG_ENABLE_MODULES = YES;
				CLANG_ENABLE_OBJC_ARC = YES;
				CLANG_WARN_BOOL_CONVERSION = YES;
				CLANG_WARN_CONSTANT_CONVERSION = YES;
				CLANG_WARN_DIRECT_OBJC_ISA_USAGE = YES_ERROR;
				CLANG_WARN_DOCUMENTATION_COMMENTS = YES;
				CLANG_WARN_EMPTY_BODY = YES;
				CLANG_WARN_ENUM_CONVERSION = YES;
				CLANG_WARN_INFINITE_RECURSION = YES;
				CLANG_WARN_INT_CONVERSION = YES;
				CLANG_WARN_OBJC_ROOT_CLASS = YES_ERROR;
				CLANG_WARN_SUSPICIOUS_MOVE = YES;
				CLANG_WARN_UNREACHABLE_CODE = YES;
				CLANG_WARN__DUPLICATE_METHOD_MATCH = YES;
				"CODE_SIGN_IDENTITY[sdk=iphoneos*]" = "iPhone Developer";
				COPY_PHASE_STRIP = NO;
				DEBUG_INFORMATION_FORMAT = "dwarf-with-dsym";
				ENABLE_NS_ASSERTIONS = NO;
				ENABLE_STRICT_OBJC_MSGSEND = YES;
				GCC_C_LANGUAGE_STANDARD = gnu99;
				GCC_NO_COMMON_BLOCKS = YES;
				GCC_WARN_64_TO_32_BIT_CONVERSION = YES;
				GCC_WARN_ABOUT_RETURN_TYPE = YES_ERROR;
				GCC_WARN_UNDECLARED_SELECTOR = YES;
				GCC_WARN_UNINITIALIZED_AUTOS = YES_AGGRESSIVE;
				GCC_WARN_UNUSED_FUNCTION = YES;
				GCC_WARN_UNUSED_VARIABLE = YES;
				IPHONEOS_DEPLOYMENT_TARGET = 10.3;
				MTL_ENABLE_DEBUG_INFO = NO;
				SDKROOT = iphoneos;
				SWIFT_OPTIMIZATION_LEVEL = "-Owholemodule";
				VALIDATE_PRODUCT = YES;
			};
			name = Release;
		};
		88FD780F1F5B8C7A00B49214 /* Debug */ = {
			isa = XCBuildConfiguration;
			buildSettings = {
				ASSETCATALOG_COMPILER_APPICON_NAME = AppIcon;
				INFOPLIST_FILE = slideshowApp/Info.plist;
				LD_RUNPATH_SEARCH_PATHS = "$(inherited) @executable_path/Frameworks";
				PRODUCT_BUNDLE_IDENTIFIER = jp.techacademy.masahiro.odakura.slideshowApp;
				PRODUCT_NAME = "$(TARGET_NAME)";
				SWIFT_VERSION = 3.0;
			};
			name = Debug;
		};
		88FD78101F5B8C7A00B49214 /* Release */ = {
			isa = XCBuildConfiguration;
			buildSettings = {
				ASSETCATALOG_COMPILER_APPICON_NAME = AppIcon;
				INFOPLIST_FILE = slideshowApp/Info.plist;
				LD_RUNPATH_SEARCH_PATHS = "$(inherited) @executable_path/Frameworks";
				PRODUCT_BUNDLE_IDENTIFIER = jp.techacademy.masahiro.odakura.slideshowApp;
				PRODUCT_NAME = "$(TARGET_NAME)";
				SWIFT_VERSION = 3.0;
			};
			name = Release;
		};
/* End XCBuildConfiguration section */

/* Begin XCConfigurationList section */
		88FD77F71F5B8C7A00B49214 /* Build configuration list for PBXProject "slideshowApp" */ = {
			isa = XCConfigurationList;
			buildConfigurations = (
				88FD780C1F5B8C7A00B49214 /* Debug */,
				88FD780D1F5B8C7A00B49214 /* Release */,
			);
			defaultConfigurationIsVisible = 0;
			defaultConfigurationName = Release;
		};
		88FD780E1F5B8C7A00B49214 /* Build configuration list for PBXNativeTarget "slideshowApp" */ = {
			isa = XCConfigurationList;
			buildConfigurations = (
				88FD780F1F5B8C7A00B49214 /* Debug */,
				88FD78101F5B8C7A00B49214 /* Release */,
			);
			defaultConfigurationIsVisible = 0;
		};
/* End XCConfigurationList section */
	};
	rootObject = 88FD77F41F5B8C7A00B49214 /* Project object */;
}
